
Microsoft Visual Studio Solution File, Format Version 12.00
# Visual Studio Version 16
VisualStudioVersion = 16.0.30804.86
MinimumVisualStudioVersion = 10.0.40219.1
Project("{FAE04EC0-301F-11D3-BF4B-00C04F79EFBC}") = "BeatSaverAPI", "BeatSaverAPI\BeatSaverAPI.csproj", "{9D85017D-11AF-4953-AAE8-52F94596F657}"
EndProject
Global
	GlobalSection(SolutionConfigurationPlatforms) = preSolution
		Debug|Any CPU = Debug|Any CPU
		Release|Any CPU = Release|Any CPU
	EndGlobalSection
	GlobalSection(ProjectConfigurationPlatforms) = postSolution
		{9D85017D-11AF-4953-AAE8-52F94596F657}.Debug|Any CPU.ActiveCfg = Debug|Any CPU
		{9D85017D-11AF-4953-AAE8-52F94596F657}.Debug|Any CPU.Build.0 = Debug|Any CPU
		{9D85017D-11AF-4953-AAE8-52F94596F657}.Release|Any CPU.ActiveCfg = Release|Any CPU
		{9D85017D-11AF-4953-AAE8-52F94596F657}.Release|Any CPU.Build.0 = Release|Any CPU
	EndGlobalSection
	GlobalSection(SolutionProperties) = preSolution
		HideSolutionNode = FALSE
	EndGlobalSection
	GlobalSection(ExtensibilityGlobals) = postSolution
		SolutionGuid = {04C14BA9-81B4-453E-8A20-B26A1C6BF1B1}
	EndGlobalSection
EndGlobal
